{
  "requires": true,
  "lockfileVersion": 1,
  "dependencies": {
    "sweetalert2": {
      "version": "7.28.11",
      "resolved": "https://registry.npmjs.org/sweetalert2/-/sweetalert2-7.28.11.tgz",
      "integrity": "sha512-092ZTfHz45ZdH5wADNsfvSHG93Mn+QRc4vV96fIMECaeW38B7Fm77F7/cWO8Fwr8NaOHbzXDhsgTirMHcsnBAA=="
    }
  }
}
